
Microsoft Visual Studio Solution File, Format Version 12.00
# Visual Studio Version 17
VisualStudioVersion = 17.8.34511.84
MinimumVisualStudioVersion = 10.0.40219.1
Project("{FAE04EC0-301F-11D3-BF4B-00C04F79EFBC}") = "lab2QNo3", "lab2QNo3\lab2QNo3.csproj", "{5BFFA1F2-86BE-4A70-9FBA-60493EAB5531}"
EndProject
Global
	GlobalSection(SolutionConfigurationPlatforms) = preSolution
		Debug|Any CPU = Debug|Any CPU
		Release|Any CPU = Release|Any CPU
	EndGlobalSection
	GlobalSection(ProjectConfigurationPlatforms) = postSolution
		{5BFFA1F2-86BE-4A70-9FBA-60493EAB5531}.Debug|Any CPU.ActiveCfg = Debug|Any CPU
		{5BFFA1F2-86BE-4A70-9FBA-60493EAB5531}.Debug|Any CPU.Build.0 = Debug|Any CPU
		{5BFFA1F2-86BE-4A70-9FBA-60493EAB5531}.Release|Any CPU.ActiveCfg = Release|Any CPU
		{5BFFA1F2-86BE-4A70-9FBA-60493EAB5531}.Release|Any CPU.Build.0 = Release|Any CPU
	EndGlobalSection
	GlobalSection(SolutionProperties) = preSolution
		HideSolutionNode = FALSE
	EndGlobalSection
	GlobalSection(ExtensibilityGlobals) = postSolution
		SolutionGuid = {91EEEA9C-DCE8-4D96-863A-903887320B6D}
	EndGlobalSection
EndGlobal
