
Microsoft Visual Studio Solution File, Format Version 12.00
# Visual Studio Version 17
VisualStudioVersion = 17.8.34511.84
MinimumVisualStudioVersion = 10.0.40219.1
Project("{FAE04EC0-301F-11D3-BF4B-00C04F79EFBC}") = "QNo7b", "QNo7b\QNo7b.csproj", "{7189443C-B80F-40FB-BDDD-36A2E2074F94}"
EndProject
Global
	GlobalSection(SolutionConfigurationPlatforms) = preSolution
		Debug|Any CPU = Debug|Any CPU
		Release|Any CPU = Release|Any CPU
	EndGlobalSection
	GlobalSection(ProjectConfigurationPlatforms) = postSolution
		{7189443C-B80F-40FB-BDDD-36A2E2074F94}.Debug|Any CPU.ActiveCfg = Debug|Any CPU
		{7189443C-B80F-40FB-BDDD-36A2E2074F94}.Debug|Any CPU.Build.0 = Debug|Any CPU
		{7189443C-B80F-40FB-BDDD-36A2E2074F94}.Release|Any CPU.ActiveCfg = Release|Any CPU
		{7189443C-B80F-40FB-BDDD-36A2E2074F94}.Release|Any CPU.Build.0 = Release|Any CPU
	EndGlobalSection
	GlobalSection(SolutionProperties) = preSolution
		HideSolutionNode = FALSE
	EndGlobalSection
	GlobalSection(ExtensibilityGlobals) = postSolution
		SolutionGuid = {92FB869B-6F90-4E3B-876D-68BABD987445}
	EndGlobalSection
EndGlobal
