
Microsoft Visual Studio Solution File, Format Version 12.00
# Visual Studio Version 17
VisualStudioVersion = 17.8.34511.84
MinimumVisualStudioVersion = 10.0.40219.1
Project("{FAE04EC0-301F-11D3-BF4B-00C04F79EFBC}") = "QNo2b", "QNo2b\QNo2b.csproj", "{48CCD54B-35F5-48F6-95F4-567D217744E2}"
EndProject
Global
	GlobalSection(SolutionConfigurationPlatforms) = preSolution
		Debug|Any CPU = Debug|Any CPU
		Release|Any CPU = Release|Any CPU
	EndGlobalSection
	GlobalSection(ProjectConfigurationPlatforms) = postSolution
		{48CCD54B-35F5-48F6-95F4-567D217744E2}.Debug|Any CPU.ActiveCfg = Debug|Any CPU
		{48CCD54B-35F5-48F6-95F4-567D217744E2}.Debug|Any CPU.Build.0 = Debug|Any CPU
		{48CCD54B-35F5-48F6-95F4-567D217744E2}.Release|Any CPU.ActiveCfg = Release|Any CPU
		{48CCD54B-35F5-48F6-95F4-567D217744E2}.Release|Any CPU.Build.0 = Release|Any CPU
	EndGlobalSection
	GlobalSection(SolutionProperties) = preSolution
		HideSolutionNode = FALSE
	EndGlobalSection
	GlobalSection(ExtensibilityGlobals) = postSolution
		SolutionGuid = {D8F07619-2601-4CA9-910A-AF5BC7552680}
	EndGlobalSection
EndGlobal
