
Microsoft Visual Studio Solution File, Format Version 12.00
# Visual Studio Version 17
VisualStudioVersion = 17.9.34607.119
MinimumVisualStudioVersion = 10.0.40219.1
Project("{FAE04EC0-301F-11D3-BF4B-00C04F79EFBC}") = "schoolManagementSystem", "schoolManagementSystem\schoolManagementSystem.csproj", "{995B7582-D3E7-489E-B9B0-C07693F5B1F7}"
EndProject
Global
	GlobalSection(SolutionConfigurationPlatforms) = preSolution
		Debug|Any CPU = Debug|Any CPU
		Release|Any CPU = Release|Any CPU
	EndGlobalSection
	GlobalSection(ProjectConfigurationPlatforms) = postSolution
		{995B7582-D3E7-489E-B9B0-C07693F5B1F7}.Debug|Any CPU.ActiveCfg = Debug|Any CPU
		{995B7582-D3E7-489E-B9B0-C07693F5B1F7}.Debug|Any CPU.Build.0 = Debug|Any CPU
		{995B7582-D3E7-489E-B9B0-C07693F5B1F7}.Release|Any CPU.ActiveCfg = Release|Any CPU
		{995B7582-D3E7-489E-B9B0-C07693F5B1F7}.Release|Any CPU.Build.0 = Release|Any CPU
	EndGlobalSection
	GlobalSection(SolutionProperties) = preSolution
		HideSolutionNode = FALSE
	EndGlobalSection
	GlobalSection(ExtensibilityGlobals) = postSolution
		SolutionGuid = {8BC13251-B4B1-47EA-B8E9-906ACA3F98E6}
	EndGlobalSection
EndGlobal
