
Microsoft Visual Studio Solution File, Format Version 12.00
# Visual Studio Version 17
VisualStudioVersion = 17.9.34607.119
MinimumVisualStudioVersion = 10.0.40219.1
Project("{FAE04EC0-301F-11D3-BF4B-00C04F79EFBC}") = "7asynAwait", "7asynAwait\7asynAwait.csproj", "{5D528158-BAEC-4224-9A4B-3C99A33E5BEB}"
EndProject
Global
	GlobalSection(SolutionConfigurationPlatforms) = preSolution
		Debug|Any CPU = Debug|Any CPU
		Release|Any CPU = Release|Any CPU
	EndGlobalSection
	GlobalSection(ProjectConfigurationPlatforms) = postSolution
		{5D528158-BAEC-4224-9A4B-3C99A33E5BEB}.Debug|Any CPU.ActiveCfg = Debug|Any CPU
		{5D528158-BAEC-4224-9A4B-3C99A33E5BEB}.Debug|Any CPU.Build.0 = Debug|Any CPU
		{5D528158-BAEC-4224-9A4B-3C99A33E5BEB}.Release|Any CPU.ActiveCfg = Release|Any CPU
		{5D528158-BAEC-4224-9A4B-3C99A33E5BEB}.Release|Any CPU.Build.0 = Release|Any CPU
	EndGlobalSection
	GlobalSection(SolutionProperties) = preSolution
		HideSolutionNode = FALSE
	EndGlobalSection
	GlobalSection(ExtensibilityGlobals) = postSolution
		SolutionGuid = {0B9B5398-34B6-4381-AD2E-C2EDD5A0DBAB}
	EndGlobalSection
EndGlobal
