
Microsoft Visual Studio Solution File, Format Version 12.00
# Visual Studio Version 17
VisualStudioVersion = 17.8.34511.84
MinimumVisualStudioVersion = 10.0.40219.1
Project("{FAE04EC0-301F-11D3-BF4B-00C04F79EFBC}") = "constructor overloading", "constructor overloading\constructor overloading.csproj", "{8C403A31-EA88-42AE-9943-2D4A78E67FDE}"
EndProject
Global
	GlobalSection(SolutionConfigurationPlatforms) = preSolution
		Debug|Any CPU = Debug|Any CPU
		Release|Any CPU = Release|Any CPU
	EndGlobalSection
	GlobalSection(ProjectConfigurationPlatforms) = postSolution
		{8C403A31-EA88-42AE-9943-2D4A78E67FDE}.Debug|Any CPU.ActiveCfg = Debug|Any CPU
		{8C403A31-EA88-42AE-9943-2D4A78E67FDE}.Debug|Any CPU.Build.0 = Debug|Any CPU
		{8C403A31-EA88-42AE-9943-2D4A78E67FDE}.Release|Any CPU.ActiveCfg = Release|Any CPU
		{8C403A31-EA88-42AE-9943-2D4A78E67FDE}.Release|Any CPU.Build.0 = Release|Any CPU
	EndGlobalSection
	GlobalSection(SolutionProperties) = preSolution
		HideSolutionNode = FALSE
	EndGlobalSection
	GlobalSection(ExtensibilityGlobals) = postSolution
		SolutionGuid = {DBC8923A-3A4B-46F5-AECF-444C050FF24C}
	EndGlobalSection
EndGlobal
