
Microsoft Visual Studio Solution File, Format Version 12.00
# Visual Studio Version 17
VisualStudioVersion = 17.8.34511.84
MinimumVisualStudioVersion = 10.0.40219.1
Project("{FAE04EC0-301F-11D3-BF4B-00C04F79EFBC}") = "file1", "file1\file1.csproj", "{4676141F-F629-4F1C-994C-12C7B373B9BD}"
EndProject
Global
	GlobalSection(SolutionConfigurationPlatforms) = preSolution
		Debug|Any CPU = Debug|Any CPU
		Release|Any CPU = Release|Any CPU
	EndGlobalSection
	GlobalSection(ProjectConfigurationPlatforms) = postSolution
		{4676141F-F629-4F1C-994C-12C7B373B9BD}.Debug|Any CPU.ActiveCfg = Debug|Any CPU
		{4676141F-F629-4F1C-994C-12C7B373B9BD}.Debug|Any CPU.Build.0 = Debug|Any CPU
		{4676141F-F629-4F1C-994C-12C7B373B9BD}.Release|Any CPU.ActiveCfg = Release|Any CPU
		{4676141F-F629-4F1C-994C-12C7B373B9BD}.Release|Any CPU.Build.0 = Release|Any CPU
	EndGlobalSection
	GlobalSection(SolutionProperties) = preSolution
		HideSolutionNode = FALSE
	EndGlobalSection
	GlobalSection(ExtensibilityGlobals) = postSolution
		SolutionGuid = {DE70D1A1-D59B-4D67-8E0E-3499D26880B4}
	EndGlobalSection
EndGlobal
