
Microsoft Visual Studio Solution File, Format Version 12.00
# Visual Studio Version 17
VisualStudioVersion = 17.8.34511.84
MinimumVisualStudioVersion = 10.0.40219.1
Project("{FAE04EC0-301F-11D3-BF4B-00C04F79EFBC}") = "QNo2a", "QNo2a\QNo2a.csproj", "{C923CBA2-6E50-4A9D-88B8-38E7AC69D713}"
EndProject
Global
	GlobalSection(SolutionConfigurationPlatforms) = preSolution
		Debug|Any CPU = Debug|Any CPU
		Release|Any CPU = Release|Any CPU
	EndGlobalSection
	GlobalSection(ProjectConfigurationPlatforms) = postSolution
		{C923CBA2-6E50-4A9D-88B8-38E7AC69D713}.Debug|Any CPU.ActiveCfg = Debug|Any CPU
		{C923CBA2-6E50-4A9D-88B8-38E7AC69D713}.Debug|Any CPU.Build.0 = Debug|Any CPU
		{C923CBA2-6E50-4A9D-88B8-38E7AC69D713}.Release|Any CPU.ActiveCfg = Release|Any CPU
		{C923CBA2-6E50-4A9D-88B8-38E7AC69D713}.Release|Any CPU.Build.0 = Release|Any CPU
	EndGlobalSection
	GlobalSection(SolutionProperties) = preSolution
		HideSolutionNode = FALSE
	EndGlobalSection
	GlobalSection(ExtensibilityGlobals) = postSolution
		SolutionGuid = {BE1A7273-5FCB-4DC5-B9CC-6183DA1F9273}
	EndGlobalSection
EndGlobal
