
Microsoft Visual Studio Solution File, Format Version 12.00
# Visual Studio Version 17
VisualStudioVersion = 17.8.34511.84
MinimumVisualStudioVersion = 10.0.40219.1
Project("{FAE04EC0-301F-11D3-BF4B-00C04F79EFBC}") = "QNo4", "QNo4\QNo4.csproj", "{951DF529-3EF9-4AB8-8207-1B7A8C146B93}"
EndProject
Global
	GlobalSection(SolutionConfigurationPlatforms) = preSolution
		Debug|Any CPU = Debug|Any CPU
		Release|Any CPU = Release|Any CPU
	EndGlobalSection
	GlobalSection(ProjectConfigurationPlatforms) = postSolution
		{951DF529-3EF9-4AB8-8207-1B7A8C146B93}.Debug|Any CPU.ActiveCfg = Debug|Any CPU
		{951DF529-3EF9-4AB8-8207-1B7A8C146B93}.Debug|Any CPU.Build.0 = Debug|Any CPU
		{951DF529-3EF9-4AB8-8207-1B7A8C146B93}.Release|Any CPU.ActiveCfg = Release|Any CPU
		{951DF529-3EF9-4AB8-8207-1B7A8C146B93}.Release|Any CPU.Build.0 = Release|Any CPU
	EndGlobalSection
	GlobalSection(SolutionProperties) = preSolution
		HideSolutionNode = FALSE
	EndGlobalSection
	GlobalSection(ExtensibilityGlobals) = postSolution
		SolutionGuid = {B8A30ACA-5C4E-4C23-9992-CEFC7FA44C83}
	EndGlobalSection
EndGlobal
