
Microsoft Visual Studio Solution File, Format Version 12.00
# Visual Studio Version 17
VisualStudioVersion = 17.9.34607.119
MinimumVisualStudioVersion = 10.0.40219.1
Project("{FAE04EC0-301F-11D3-BF4B-00C04F79EFBC}") = "trydataviewgridsql", "trydataviewgridsql\trydataviewgridsql.csproj", "{18BBC0D4-102F-4071-9152-0534A63FADEE}"
EndProject
Global
	GlobalSection(SolutionConfigurationPlatforms) = preSolution
		Debug|Any CPU = Debug|Any CPU
		Release|Any CPU = Release|Any CPU
	EndGlobalSection
	GlobalSection(ProjectConfigurationPlatforms) = postSolution
		{18BBC0D4-102F-4071-9152-0534A63FADEE}.Debug|Any CPU.ActiveCfg = Debug|Any CPU
		{18BBC0D4-102F-4071-9152-0534A63FADEE}.Debug|Any CPU.Build.0 = Debug|Any CPU
		{18BBC0D4-102F-4071-9152-0534A63FADEE}.Release|Any CPU.ActiveCfg = Release|Any CPU
		{18BBC0D4-102F-4071-9152-0534A63FADEE}.Release|Any CPU.Build.0 = Release|Any CPU
	EndGlobalSection
	GlobalSection(SolutionProperties) = preSolution
		HideSolutionNode = FALSE
	EndGlobalSection
	GlobalSection(ExtensibilityGlobals) = postSolution
		SolutionGuid = {B7CB5536-3827-4EB9-8D94-7AF448D031EA}
	EndGlobalSection
EndGlobal
