
Microsoft Visual Studio Solution File, Format Version 12.00
# Visual Studio Version 17
VisualStudioVersion = 17.8.34511.84
MinimumVisualStudioVersion = 10.0.40219.1
Project("{FAE04EC0-301F-11D3-BF4B-00C04F79EFBC}") = "lab2QNo4", "lab2QNo4\lab2QNo4.csproj", "{E3D285C4-289A-4E1C-9DD4-76E01B70B09F}"
EndProject
Global
	GlobalSection(SolutionConfigurationPlatforms) = preSolution
		Debug|Any CPU = Debug|Any CPU
		Release|Any CPU = Release|Any CPU
	EndGlobalSection
	GlobalSection(ProjectConfigurationPlatforms) = postSolution
		{E3D285C4-289A-4E1C-9DD4-76E01B70B09F}.Debug|Any CPU.ActiveCfg = Debug|Any CPU
		{E3D285C4-289A-4E1C-9DD4-76E01B70B09F}.Debug|Any CPU.Build.0 = Debug|Any CPU
		{E3D285C4-289A-4E1C-9DD4-76E01B70B09F}.Release|Any CPU.ActiveCfg = Release|Any CPU
		{E3D285C4-289A-4E1C-9DD4-76E01B70B09F}.Release|Any CPU.Build.0 = Release|Any CPU
	EndGlobalSection
	GlobalSection(SolutionProperties) = preSolution
		HideSolutionNode = FALSE
	EndGlobalSection
	GlobalSection(ExtensibilityGlobals) = postSolution
		SolutionGuid = {48B8C9F4-B0A4-45AA-A94E-804D906D311D}
	EndGlobalSection
EndGlobal
