
Microsoft Visual Studio Solution File, Format Version 12.00
# Visual Studio Version 17
VisualStudioVersion = 17.8.34511.84
MinimumVisualStudioVersion = 10.0.40219.1
Project("{FAE04EC0-301F-11D3-BF4B-00C04F79EFBC}") = "lab2QNo5", "lab2QNo5\lab2QNo5.csproj", "{3EB0BBDA-0E5F-429B-9E87-8B4D23FEE3F1}"
EndProject
Global
	GlobalSection(SolutionConfigurationPlatforms) = preSolution
		Debug|Any CPU = Debug|Any CPU
		Release|Any CPU = Release|Any CPU
	EndGlobalSection
	GlobalSection(ProjectConfigurationPlatforms) = postSolution
		{3EB0BBDA-0E5F-429B-9E87-8B4D23FEE3F1}.Debug|Any CPU.ActiveCfg = Debug|Any CPU
		{3EB0BBDA-0E5F-429B-9E87-8B4D23FEE3F1}.Debug|Any CPU.Build.0 = Debug|Any CPU
		{3EB0BBDA-0E5F-429B-9E87-8B4D23FEE3F1}.Release|Any CPU.ActiveCfg = Release|Any CPU
		{3EB0BBDA-0E5F-429B-9E87-8B4D23FEE3F1}.Release|Any CPU.Build.0 = Release|Any CPU
	EndGlobalSection
	GlobalSection(SolutionProperties) = preSolution
		HideSolutionNode = FALSE
	EndGlobalSection
	GlobalSection(ExtensibilityGlobals) = postSolution
		SolutionGuid = {E0582426-6334-4BE0-8729-84C31D9E53E9}
	EndGlobalSection
EndGlobal
